
Microsoft Visual Studio Solution File, Format Version 12.00
# Visual Studio Version 17
VisualStudioVersion = 17.1.32414.318
MinimumVisualStudioVersion = 10.0.40219.1
Project("{FAE04EC0-301F-11D3-BF4B-00C04F79EFBC}") = "semantic graph-based keyword extraction model using ranking", "semantic graph-based keyword extraction model using ranking\semantic graph-based keyword extraction model using ranking.csproj", "{4CFB9A70-B469-493C-BC7E-B0932B530AE8}"
EndProject
Project("{FAE04EC0-301F-11D3-BF4B-00C04F79EFBC}") = "SKEMCollections", "SKEMCollections\SKEMCollections.csproj", "{B5228849-07FA-461A-9ECF-175ECFF2BAF5}"
EndProject
Project("{FAE04EC0-301F-11D3-BF4B-00C04F79EFBC}") = "PushToMongoDB", "PushToMongoDB\PushToMongoDB.csproj", "{FF4D50FA-01E2-45DD-A766-4AA2127CD9AB}"
EndProject
Global
	GlobalSection(SolutionConfigurationPlatforms) = preSolution
		Debug|Any CPU = Debug|Any CPU
		Release|Any CPU = Release|Any CPU
	EndGlobalSection
	GlobalSection(ProjectConfigurationPlatforms) = postSolution
		{4CFB9A70-B469-493C-BC7E-B0932B530AE8}.Debug|Any CPU.ActiveCfg = Debug|Any CPU
		{4CFB9A70-B469-493C-BC7E-B0932B530AE8}.Debug|Any CPU.Build.0 = Debug|Any CPU
		{4CFB9A70-B469-493C-BC7E-B0932B530AE8}.Release|Any CPU.ActiveCfg = Release|Any CPU
		{4CFB9A70-B469-493C-BC7E-B0932B530AE8}.Release|Any CPU.Build.0 = Release|Any CPU
		{B5228849-07FA-461A-9ECF-175ECFF2BAF5}.Debug|Any CPU.ActiveCfg = Debug|Any CPU
		{B5228849-07FA-461A-9ECF-175ECFF2BAF5}.Debug|Any CPU.Build.0 = Debug|Any CPU
		{B5228849-07FA-461A-9ECF-175ECFF2BAF5}.Release|Any CPU.ActiveCfg = Release|Any CPU
		{B5228849-07FA-461A-9ECF-175ECFF2BAF5}.Release|Any CPU.Build.0 = Release|Any CPU
		{FF4D50FA-01E2-45DD-A766-4AA2127CD9AB}.Debug|Any CPU.ActiveCfg = Debug|Any CPU
		{FF4D50FA-01E2-45DD-A766-4AA2127CD9AB}.Debug|Any CPU.Build.0 = Debug|Any CPU
		{FF4D50FA-01E2-45DD-A766-4AA2127CD9AB}.Release|Any CPU.ActiveCfg = Release|Any CPU
		{FF4D50FA-01E2-45DD-A766-4AA2127CD9AB}.Release|Any CPU.Build.0 = Release|Any CPU
	EndGlobalSection
	GlobalSection(SolutionProperties) = preSolution
		HideSolutionNode = FALSE
	EndGlobalSection
	GlobalSection(ExtensibilityGlobals) = postSolution
		SolutionGuid = {B37FB90B-6465-4CBF-8F39-66D189EDCC31}
	EndGlobalSection
EndGlobal
